github.com/cloudfoundry-incubator/candiedyaml v0.0.0-20170223024657-cff29b469e0f h1:1eJ77aTNAIy8RRit14sC+vdwRv587u2+URvm1PMH6Yc=
github.com/cloudfoundry-incubator/candiedyaml v0.0.0-20170223024657-cff29b469e0f/go.mod h1:dOLSIXcRQJiDS1vlrYFNJicoHNZLsBKideE+70hGdV4=
github.com/gin-contrib/sse v0.0.0-20170109093832-22d885f9ecc7 h1:AzN37oI0cOS+cougNAV9szl6CVoj2RYwzS3DpUQNtlY=
github.com/gin-contrib/sse v0.0.0-20170109093832-22d885f9ecc7/go.mod h1:VJ0WA2NBN22VlZ2dKZQPAPnyWw5XTlK1KymzLKsr59s=
github.com/gin-gonic/gin v1.1.5-0.20180124030642-2fbb97117cda h1:fQaqlJTG0otZL04lNYkJft+4WDbuWlAsN/pLdGNpsAI=
github.com/gin-gonic/gin v1.1.5-0.20180124030642-2fbb97117cda/go.mod h1:7cKuhb5qV2ggCFctp2fJQ+ErvciLZrIeoOSOm6mUr7Y=
github.com/go-errors/errors v0.0.0-20150906023321-a41850380601 h1:jxTbmDuqQUTI6MscgbqB39vtxGfr2fi61nYIcFQUnlE=
github.com/go-errors/errors v0.0.0-20150906023321-a41850380601/go.mod h1:f4zRHt4oKfwPJE5k8C9vpYG+aDHdBFUsgrm6/TyX73Q=
github.com/golang/protobuf v1.0.1-0.20180202184318-bbd03ef6da3a h1:MKcZdiXa8z1dyr2AH37WW66sN1UZiLdy/Krj+s9kz8Y=
github.com/golang/protobuf v1.0.1-0.20180202184318-bbd03ef6da3a/go.mod h1:6lQm79b+lXiMfvg/cZm0SGofjICqVBUtrP5yJMmIC1U=
github.com/json-iterator/go v0.0.0-20180121125932-e78b7e89b64f/go.mod h1:+SdeFBvtyEkXs7REEP0seUULqWtbJapLOCVDaaPEHmU=
github.com/mattn/go-isatty v0.0.2 h1:F+DnWktyadxnOrohKLNUC9/GjFii5RJgY4GFG6ilggw=
github.com/mattn/go-isatty v0.0.2/go.mod h1:M+lRXTBqGeGNdLjl/ufCoiOlB5xdOkqRJdNxMWT7Zi4=
github.com/onsi/ginkgo v1.4.1-0.20180216170043-9008c7b79f96/go.mod h1:lLunBs/Ym6LB5Z9jYTR76FiuTmxDTDusOGeTQH+WWjE=
github.com/onsi/gomega v1.3.1-0.20180305203722-de89e61d40b7/go.mod h1:C1qb7wdrVGGVU+Z6iS04AVkA3Q65CEZX59MT0QO5uiA=
github.com/op/go-logging v0.0.0-20160315200505-970db520ece7 h1:lDH9UUVJtmYCjyT0CI4q8xvlXPxeZ0gYCVvWbmPlp88=
github.com/op/go-logging v0.0.0-20160315200505-970db520ece7/go.mod h1:HzydrMdWErDVzsI23lYNej1Htcns9BCg93Dk0bBINWk=
github.com/spf13/afero v0.0.0-20170217164146-9be650865eab h1:IVAbBHQR8rXL2Fc8Zba/lMF7KOnTi70lqdx91UTuAwQ=
github.com/spf13/afero v0.0.0-20170217164146-9be650865eab/go.mod h1:j4pytiNVoe2o6bmDsKpLACNPDBIoEAkihy7loJ1B0CQ=
github.com/ugorji/go v0.0.0-20170620104852-5efa3251c7f7 h1:VtqNxrWGmleRhhDwCE2E98hD6Qn47lM06TOq4NTF9h0=
github.com/ugorji/go v0.0.0-20170620104852-5efa3251c7f7/go.mod h1:hnLbHMwcvSihnDhEfx2/BzKp2xb0Y+ErdfYcrs9tkJQ=
golang.org/x/net v0.0.0-20160113175233-c93a9b4f2af5/go.mod h1:mL1N/T3taQHkDXs73rZJwtUhF3w3ftmwwsq0BUmARs4=
golang.org/x/sys v0.0.0-20170201051245-7a6e5648d140/go.mod h1:STP8DvDyc/dI5b8T5hshtkjS+E42TnysNCUPdjciGhY=
golang.org/x/text v0.0.0-20170427093521-470f45bf29f4 h1:8fwxlIjs7C5MgPSVG+/5qOMnAnwSJ77RAfeJH2Wb7q0=
golang.org/x/text v0.0.0-20170427093521-470f45bf29f4/go.mod h1:NqM8EUOU14njkJ3fqMW+pc6Ldnwhi/IjpwHt7yyuwOQ=
gopkg.in/check.v1 v0.0.0-20161208181325-20d25e280405/go.mod h1:Co6ibVJAznAaIkqp8huTwlJQCZ016jof/cbN4VW5Yz0=
gopkg.in/go-playground/validator.v8 v8.18.2 h1:lFB4DoMU6B626w8ny76MV7VX6W2VHct2GVOI3xgiMrQ=
gopkg.in/go-playground/validator.v8 v8.18.2/go.mod h1:RX2a/7Ha8BgOhfk7j780h4/u/RRjR0eouCJSH80/M2Y=
gopkg.in/yaml.v2 v2.1.1 h1:fxK3tv8mQPVEgxu/S2LJ040LyqiajHt+syP0CdDS/Sc=
gopkg.in/yaml.v2 v2.1.1/go.mod h1:hI93XBmqTisBFMUTm0b8Fm+jr3Dg1NNxqwp+5A1VGuI=
